
Microsoft Visual Studio Solution File, Format Version 12.00
# Visual Studio Version 16
VisualStudioVersion = 16.0.31613.86
MinimumVisualStudioVersion = 10.0.40219.1
Project("{FAE04EC0-301F-11D3-BF4B-00C04F79EFBC}") = "OOP_Principles", "OOP_Principles\OOP_Principles.csproj", "{F2D5F5F4-F6A9-47C3-AA4C-3C0D5B2E76D2}"
EndProject
Global
	GlobalSection(SolutionConfigurationPlatforms) = preSolution
		Debug|Any CPU = Debug|Any CPU
		Release|Any CPU = Release|Any CPU
	EndGlobalSection
	GlobalSection(ProjectConfigurationPlatforms) = postSolution
		{F2D5F5F4-F6A9-47C3-AA4C-3C0D5B2E76D2}.Debug|Any CPU.ActiveCfg = Debug|Any CPU
		{F2D5F5F4-F6A9-47C3-AA4C-3C0D5B2E76D2}.Debug|Any CPU.Build.0 = Debug|Any CPU
		{F2D5F5F4-F6A9-47C3-AA4C-3C0D5B2E76D2}.Release|Any CPU.ActiveCfg = Release|Any CPU
		{F2D5F5F4-F6A9-47C3-AA4C-3C0D5B2E76D2}.Release|Any CPU.Build.0 = Release|Any CPU
	EndGlobalSection
	GlobalSection(SolutionProperties) = preSolution
		HideSolutionNode = FALSE
	EndGlobalSection
	GlobalSection(ExtensibilityGlobals) = postSolution
		SolutionGuid = {8664743C-AC10-4AF9-9850-38B7DFEE7664}
	EndGlobalSection
EndGlobal
